
Microsoft Visual Studio Solution File, Format Version 12.00
# Visual Studio Version 17
VisualStudioVersion = 17.4.33205.214
MinimumVisualStudioVersion = 10.0.40219.1
Project("{9A19103F-16F7-4668-BE54-9A1E7A4F7556}") = "OPAZ_API", "OPAZ_API.csproj", "{6EC4105A-6311-47C7-8003-6B13A6FF98C7}"
EndProject
Global
	GlobalSection(SolutionConfigurationPlatforms) = preSolution
		Debug|Any CPU = Debug|Any CPU
		Release|Any CPU = Release|Any CPU
	EndGlobalSection
	GlobalSection(ProjectConfigurationPlatforms) = postSolution
		{6EC4105A-6311-47C7-8003-6B13A6FF98C7}.Debug|Any CPU.ActiveCfg = Debug|Any CPU
		{6EC4105A-6311-47C7-8003-6B13A6FF98C7}.Debug|Any CPU.Build.0 = Debug|Any CPU
		{6EC4105A-6311-47C7-8003-6B13A6FF98C7}.Release|Any CPU.ActiveCfg = Release|Any CPU
		{6EC4105A-6311-47C7-8003-6B13A6FF98C7}.Release|Any CPU.Build.0 = Release|Any CPU
	EndGlobalSection
	GlobalSection(SolutionProperties) = preSolution
		HideSolutionNode = FALSE
	EndGlobalSection
	GlobalSection(ExtensibilityGlobals) = postSolution
		SolutionGuid = {B976B33C-F216-4B36-A132-01F463A28CA3}
	EndGlobalSection
EndGlobal
